// !$*UTF8*$!
{
	archiveVersion = 1;
	classes = {
	};
	objectVersion = 50;
	objects = {

/* Begin PBXBuildFile section */
		240B42C324031EAD00485EE7 /* CompanyCell.swift in Sources */ = {isa = PBXBuildFile; fileRef = 240B42C224031EAD00485EE7 /* CompanyCell.swift */; };
		240B42CD2404117C00485EE7 /* HomeVC.swift in Sources */ = {isa = PBXBuildFile; fileRef = 240B42CC2404117C00485EE7 /* HomeVC.swift */; };
		240B42CF2404119E00485EE7 /* HomeVC.storyboard in Resources */ = {isa = PBXBuildFile; fileRef = 240B42CE2404119E00485EE7 /* HomeVC.storyboard */; };
		2464BF8D23F6914B007749F5 /* OTPVC.swift in Sources */ = {isa = PBXBuildFile; fileRef = 2464BF8C23F6914B007749F5 /* OTPVC.swift */; };
		248545BA23F169EC00014B34 /* UIView+Extention.swift in Sources */ = {isa = PBXBuildFile; fileRef = 248545B923F169EC00014B34 /* UIView+Extention.swift */; };
		248545BE23F2A54200014B34 /* RegistrationVC.storyboard in Resources */ = {isa = PBXBuildFile; fileRef = 248545BD23F2A54200014B34 /* RegistrationVC.storyboard */; };
		248545E723F5627800014B34 /* LoginVC.storyboard in Resources */ = {isa = PBXBuildFile; fileRef = 248545E923F5627800014B34 /* LoginVC.storyboard */; };
		248545F023F57D9100014B34 /* Tajawal-Medium.ttf in Resources */ = {isa = PBXBuildFile; fileRef = 248545ED23F57D9100014B34 /* Tajawal-Medium.ttf */; };
		248545F123F57D9100014B34 /* Tajawal-Bold.ttf in Resources */ = {isa = PBXBuildFile; fileRef = 248545EE23F57D9100014B34 /* Tajawal-Bold.ttf */; };
		248545F223F57D9100014B34 /* Tajawal-Regular.ttf in Resources */ = {isa = PBXBuildFile; fileRef = 248545EF23F57D9100014B34 /* Tajawal-Regular.ttf */; };
		248545F523F5A0E500014B34 /* PhoneNumberVC.swift in Sources */ = {isa = PBXBuildFile; fileRef = 248545F423F5A0E500014B34 /* PhoneNumberVC.swift */; };
		248545F723F5B6FA00014B34 /* String+Extention.swift in Sources */ = {isa = PBXBuildFile; fileRef = 248545F623F5B6FA00014B34 /* String+Extention.swift */; };
		248DDA5E23EA770E000F60ED /* AppDelegate.swift in Sources */ = {isa = PBXBuildFile; fileRef = 248DDA5D23EA770E000F60ED /* AppDelegate.swift */; };
		248DDA6023EA770E000F60ED /* SceneDelegate.swift in Sources */ = {isa = PBXBuildFile; fileRef = 248DDA5F23EA770E000F60ED /* SceneDelegate.swift */; };
		248DDA6723EA770E000F60ED /* Assets.xcassets in Resources */ = {isa = PBXBuildFile; fileRef = 248DDA6623EA770E000F60ED /* Assets.xcassets */; };
		248DDA6A23EA770E000F60ED /* LaunchScreen.storyboard in Resources */ = {isa = PBXBuildFile; fileRef = 248DDA6823EA770E000F60ED /* LaunchScreen.storyboard */; };
		248DDA8423F14BA6000F60ED /* LoginVC.swift in Sources */ = {isa = PBXBuildFile; fileRef = 248DDA8323F14BA6000F60ED /* LoginVC.swift */; };
		24A4FB9623F6CB510058A3B9 /* ReusedTextFeild.xib in Resources */ = {isa = PBXBuildFile; fileRef = 24A4FB9523F6CB510058A3B9 /* ReusedTextFeild.xib */; };
		24A4FB9823F6CE380058A3B9 /* ReusedTextFeild.swift in Sources */ = {isa = PBXBuildFile; fileRef = 24A4FB9723F6CE380058A3B9 /* ReusedTextFeild.swift */; };
		24A4FB9B23F6D3A70058A3B9 /* UITextField+Extention.swift in Sources */ = {isa = PBXBuildFile; fileRef = 24A4FB9A23F6D3A70058A3B9 /* UITextField+Extention.swift */; };
		24A4FBAE23F94BF70058A3B9 /* RegistrationVC.swift in Sources */ = {isa = PBXBuildFile; fileRef = 24A4FBAD23F94BF70058A3B9 /* RegistrationVC.swift */; };
		24A4FBB423FA80410058A3B9 /* AuthController.swift in Sources */ = {isa = PBXBuildFile; fileRef = 24A4FBB323FA80410058A3B9 /* AuthController.swift */; };
		24A4FBB623FA80A80058A3B9 /* UserDefualts+Extention.swift in Sources */ = {isa = PBXBuildFile; fileRef = 24A4FBB523FA80A80058A3B9 /* UserDefualts+Extention.swift */; };
		24A4FBB823FA82240058A3B9 /* Constants.swift in Sources */ = {isa = PBXBuildFile; fileRef = 24A4FBB723FA82240058A3B9 /* Constants.swift */; };
		24A6B5E323FF2C5400005ED3 /* DataCenter.swift in Sources */ = {isa = PBXBuildFile; fileRef = 24A6B5E223FF2C5400005ED3 /* DataCenter.swift */; };
/* End PBXBuildFile section */

/* Begin PBXFileReference section */
		240B42C224031EAD00485EE7 /* CompanyCell.swift */ = {isa = PBXFileReference; lastKnownFileType = sourcecode.swift; path = CompanyCell.swift; sourceTree = "<group>"; };
		240B42CC2404117C00485EE7 /* HomeVC.swift */ = {isa = PBXFileReference; fileEncoding = 4; lastKnownFileType = sourcecode.swift; path = HomeVC.swift; sourceTree = "<group>"; };
		240B42CE2404119E00485EE7 /* HomeVC.storyboard */ = {isa = PBXFileReference; fileEncoding = 4; lastKnownFileType = file.storyboard; path = HomeVC.storyboard; sourceTree = "<group>"; };
		2464BF8C23F6914B007749F5 /* OTPVC.swift */ = {isa = PBXFileReference; lastKnownFileType = sourcecode.swift; path = OTPVC.swift; sourceTree = "<group>"; };
		248545B923F169EC00014B34 /* UIView+Extention.swift */ = {isa = PBXFileReference; lastKnownFileType = sourcecode.swift; path = "UIView+Extention.swift"; sourceTree = "<group>"; };
		248545BD23F2A54200014B34 /* RegistrationVC.storyboard */ = {isa = PBXFileReference; lastKnownFileType = file.storyboard; path = RegistrationVC.storyboard; sourceTree = "<group>"; };
		248545E623F5626000014B34 /* ar */ = {isa = PBXFileReference; lastKnownFileType = text.plist.strings; name = ar; path = ar.lproj/LaunchScreen.strings; sourceTree = "<group>"; };
		248545EA23F562A300014B34 /* Base */ = {isa = PBXFileReference; lastKnownFileType = file.storyboard; name = Base; path = Base.lproj/LoginVC.storyboard; sourceTree = "<group>"; };
		248545EC23F562E300014B34 /* ar */ = {isa = PBXFileReference; lastKnownFileType = text.plist.strings; name = ar; path = ar.lproj/LoginVC.strings; sourceTree = "<group>"; };
		248545ED23F57D9100014B34 /* Tajawal-Medium.ttf */ = {isa = PBXFileReference; lastKnownFileType = file; path = "Tajawal-Medium.ttf"; sourceTree = "<group>"; };
		248545EE23F57D9100014B34 /* Tajawal-Bold.ttf */ = {isa = PBXFileReference; lastKnownFileType = file; path = "Tajawal-Bold.ttf"; sourceTree = "<group>"; };
		248545EF23F57D9100014B34 /* Tajawal-Regular.ttf */ = {isa = PBXFileReference; lastKnownFileType = file; path = "Tajawal-Regular.ttf"; sourceTree = "<group>"; };
		248545F423F5A0E500014B34 /* PhoneNumberVC.swift */ = {isa = PBXFileReference; lastKnownFileType = sourcecode.swift; path = PhoneNumberVC.swift; sourceTree = "<group>"; };
		248545F623F5B6FA00014B34 /* String+Extention.swift */ = {isa = PBXFileReference; lastKnownFileType = sourcecode.swift; path = "String+Extention.swift"; sourceTree = "<group>"; };
		248DDA5A23EA770E000F60ED /* marktApp.app */ = {isa = PBXFileReference; explicitFileType = wrapper.application; includeInIndex = 0; path = marktApp.app; sourceTree = BUILT_PRODUCTS_DIR; };
		248DDA5D23EA770E000F60ED /* AppDelegate.swift */ = {isa = PBXFileReference; lastKnownFileType = sourcecode.swift; path = AppDelegate.swift; sourceTree = "<group>"; };
		248DDA5F23EA770E000F60ED /* SceneDelegate.swift */ = {isa = PBXFileReference; lastKnownFileType = sourcecode.swift; path = SceneDelegate.swift; sourceTree = "<group>"; };
		248DDA6623EA770E000F60ED /* Assets.xcassets */ = {isa = PBXFileReference; lastKnownFileType = folder.assetcatalog; path = Assets.xcassets; sourceTree = "<group>"; };
		248DDA6923EA770E000F60ED /* Base */ = {isa = PBXFileReference; lastKnownFileType = file.storyboard; name = Base; path = Base.lproj/LaunchScreen.storyboard; sourceTree = "<group>"; };
		248DDA6B23EA770E000F60ED /* Info.plist */ = {isa = PBXFileReference; lastKnownFileType = text.plist.xml; path = Info.plist; sourceTree = "<group>"; };
		248DDA8323F14BA6000F60ED /* LoginVC.swift */ = {isa = PBXFileReference; lastKnownFileType = sourcecode.swift; path = LoginVC.swift; sourceTree = "<group>"; };
		24A4FB9523F6CB510058A3B9 /* ReusedTextFeild.xib */ = {isa = PBXFileReference; lastKnownFileType = file.xib; path = ReusedTextFeild.xib; sourceTree = "<group>"; };
		24A4FB9723F6CE380058A3B9 /* ReusedTextFeild.swift */ = {isa = PBXFileReference; lastKnownFileType = sourcecode.swift; path = ReusedTextFeild.swift; sourceTree = "<group>"; };
		24A4FB9A23F6D3A70058A3B9 /* UITextField+Extention.swift */ = {isa = PBXFileReference; lastKnownFileType = sourcecode.swift; path = "UITextField+Extention.swift"; sourceTree = "<group>"; };
		24A4FBAD23F94BF70058A3B9 /* RegistrationVC.swift */ = {isa = PBXFileReference; lastKnownFileType = sourcecode.swift; path = RegistrationVC.swift; sourceTree = "<group>"; };
		24A4FBB323FA80410058A3B9 /* AuthController.swift */ = {isa = PBXFileReference; lastKnownFileType = sourcecode.swift; path = AuthController.swift; sourceTree = "<group>"; };
		24A4FBB523FA80A80058A3B9 /* UserDefualts+Extention.swift */ = {isa = PBXFileReference; lastKnownFileType = sourcecode.swift; path = "UserDefualts+Extention.swift"; sourceTree = "<group>"; };
		24A4FBB723FA82240058A3B9 /* Constants.swift */ = {isa = PBXFileReference; lastKnownFileType = sourcecode.swift; path = Constants.swift; sourceTree = "<group>"; };
		24A6B5E223FF2C5400005ED3 /* DataCenter.swift */ = {isa = PBXFileReference; lastKnownFileType = sourcecode.swift; path = DataCenter.swift; sourceTree = "<group>"; };
/* End PBXFileReference section */

/* Begin PBXFrameworksBuildPhase section */
		248DDA5723EA770E000F60ED /* Frameworks */ = {
			isa = PBXFrameworksBuildPhase;
			buildActionMask = 2147483647;
			files = (
			);
			runOnlyForDeploymentPostprocessing = 0;
		};
/* End PBXFrameworksBuildPhase section */

/* Begin PBXGroup section */
		248545F323F57DA700014B34 /* Tajawal-font */ = {
			isa = PBXGroup;
			children = (
				248545EE23F57D9100014B34 /* Tajawal-Bold.ttf */,
				248545ED23F57D9100014B34 /* Tajawal-Medium.ttf */,
				248545EF23F57D9100014B34 /* Tajawal-Regular.ttf */,
			);
			path = "Tajawal-font";
			sourceTree = "<group>";
		};
		248DDA5123EA770E000F60ED = {
			isa = PBXGroup;
			children = (
				248DDA6623EA770E000F60ED /* Assets.xcassets */,
				248DDA5C23EA770E000F60ED /* marktApp */,
				248DDA5B23EA770E000F60ED /* Products */,
			);
			sourceTree = "<group>";
		};
		248DDA5B23EA770E000F60ED /* Products */ = {
			isa = PBXGroup;
			children = (
				248DDA5A23EA770E000F60ED /* marktApp.app */,
			);
			name = Products;
			sourceTree = "<group>";
		};
		248DDA5C23EA770E000F60ED /* marktApp */ = {
			isa = PBXGroup;
			children = (
				248DDA5D23EA770E000F60ED /* AppDelegate.swift */,
				248DDA5F23EA770E000F60ED /* SceneDelegate.swift */,
				248DDA6B23EA770E000F60ED /* Info.plist */,
				24A4FBB923FB1B800058A3B9 /* Resources */,
				248DDA7D23EA8747000F60ED /* Model */,
				248DDA7B23EA8715000F60ED /* Views */,
			);
			path = marktApp;
			sourceTree = "<group>";
		};
		248DDA7B23EA8715000F60ED /* Views */ = {
			isa = PBXGroup;
			children = (
				24A4FBBA23FB1BF80058A3B9 /* LoginVC */,
				24A4FBBE23FB1CC80058A3B9 /* RegistrationVC */,
				24A4FBBD23FB1C5A0058A3B9 /* HomeVC */,
				248DDA6823EA770E000F60ED /* LaunchScreen.storyboard */,
				24A4FB9923F6D0760058A3B9 /* ReusedTextFeild */,
			);
			path = Views;
			sourceTree = "<group>";
		};
		248DDA7D23EA8747000F60ED /* Model */ = {
			isa = PBXGroup;
			children = (
				24A4FBB323FA80410058A3B9 /* AuthController.swift */,
				24A6B5E223FF2C5400005ED3 /* DataCenter.swift */,
			);
			path = Model;
			sourceTree = "<group>";
		};
		248DDA7E23EA877E000F60ED /* Extention */ = {
			isa = PBXGroup;
			children = (
				248545B923F169EC00014B34 /* UIView+Extention.swift */,
				248545F623F5B6FA00014B34 /* String+Extention.swift */,
				24A4FB9A23F6D3A70058A3B9 /* UITextField+Extention.swift */,
				24A4FBB523FA80A80058A3B9 /* UserDefualts+Extention.swift */,
			);
			path = Extention;
			sourceTree = "<group>";
		};
		24A4FB9923F6D0760058A3B9 /* ReusedTextFeild */ = {
			isa = PBXGroup;
			children = (
				24A4FB9523F6CB510058A3B9 /* ReusedTextFeild.xib */,
				24A4FB9723F6CE380058A3B9 /* ReusedTextFeild.swift */,
			);
			path = ReusedTextFeild;
			sourceTree = "<group>";
		};
		24A4FBB923FB1B800058A3B9 /* Resources */ = {
			isa = PBXGroup;
			children = (
				24A4FBB723FA82240058A3B9 /* Constants.swift */,
				248545F323F57DA700014B34 /* Tajawal-font */,
				248DDA7E23EA877E000F60ED /* Extention */,
			);
			path = Resources;
			sourceTree = "<group>";
		};
		24A4FBBA23FB1BF80058A3B9 /* LoginVC */ = {
			isa = PBXGroup;
			children = (
				248DDA8323F14BA6000F60ED /* LoginVC.swift */,
				248545E923F5627800014B34 /* LoginVC.storyboard */,
			);
			path = LoginVC;
			sourceTree = "<group>";
		};
		24A4FBBD23FB1C5A0058A3B9 /* HomeVC */ = {
			isa = PBXGroup;
			children = (
				240B42CE2404119E00485EE7 /* HomeVC.storyboard */,
				240B42CC2404117C00485EE7 /* HomeVC.swift */,
				240B42C224031EAD00485EE7 /* CompanyCell.swift */,
			);
			path = HomeVC;
			sourceTree = "<group>";
		};
		24A4FBBE23FB1CC80058A3B9 /* RegistrationVC */ = {
			isa = PBXGroup;
			children = (
				248545F423F5A0E500014B34 /* PhoneNumberVC.swift */,
				2464BF8C23F6914B007749F5 /* OTPVC.swift */,
				24A4FBAD23F94BF70058A3B9 /* RegistrationVC.swift */,
				248545BD23F2A54200014B34 /* RegistrationVC.storyboard */,
			);
			path = RegistrationVC;
			sourceTree = "<group>";
		};
/* End PBXGroup section */

/* Begin PBXNativeTarget section */
		248DDA5923EA770E000F60ED /* marktApp */ = {
			isa = PBXNativeTarget;
			buildConfigurationList = 248DDA6E23EA770E000F60ED /* Build configuration list for PBXNativeTarget "marktApp" */;
			buildPhases = (
				248DDA5623EA770E000F60ED /* Sources */,
				248DDA5723EA770E000F60ED /* Frameworks */,
				248DDA5823EA770E000F60ED /* Resources */,
			);
			buildRules = (
			);
			dependencies = (
			);
			name = marktApp;
			productName = marktApp;
			productReference = 248DDA5A23EA770E000F60ED /* marktApp.app */;
			productType = "com.apple.product-type.application";
		};
/* End PBXNativeTarget section */

/* Begin PBXProject section */
		248DDA5223EA770E000F60ED /* Project object */ = {
			isa = PBXProject;
			attributes = {
				LastSwiftUpdateCheck = 1130;
				LastUpgradeCheck = 1130;
				ORGANIZATIONNAME = "Ahmed,ORG";
				TargetAttributes = {
					248DDA5923EA770E000F60ED = {
						CreatedOnToolsVersion = 11.3.1;
					};
				};
			};
			buildConfigurationList = 248DDA5523EA770E000F60ED /* Build configuration list for PBXProject "marktApp" */;
			compatibilityVersion = "Xcode 9.3";
			developmentRegion = en;
			hasScannedForEncodings = 0;
			knownRegions = (
				en,
				Base,
				ar,
			);
			mainGroup = 248DDA5123EA770E000F60ED;
			productRefGroup = 248DDA5B23EA770E000F60ED /* Products */;
			projectDirPath = "";
			projectRoot = "";
			targets = (
				248DDA5923EA770E000F60ED /* marktApp */,
			);
		};
/* End PBXProject section */

/* Begin PBXResourcesBuildPhase section */
		248DDA5823EA770E000F60ED /* Resources */ = {
			isa = PBXResourcesBuildPhase;
			buildActionMask = 2147483647;
			files = (
				248545BE23F2A54200014B34 /* RegistrationVC.storyboard in Resources */,
				240B42CF2404119E00485EE7 /* HomeVC.storyboard in Resources */,
				248DDA6A23EA770E000F60ED /* LaunchScreen.storyboard in Resources */,
				248545F223F57D9100014B34 /* Tajawal-Regular.ttf in Resources */,
				248DDA6723EA770E000F60ED /* Assets.xcassets in Resources */,
				24A4FB9623F6CB510058A3B9 /* ReusedTextFeild.xib in Resources */,
				248545F123F57D9100014B34 /* Tajawal-Bold.ttf in Resources */,
				248545F023F57D9100014B34 /* Tajawal-Medium.ttf in Resources */,
				248545E723F5627800014B34 /* LoginVC.storyboard in Resources */,
			);
			runOnlyForDeploymentPostprocessing = 0;
		};
/* End PBXResourcesBuildPhase section */

/* Begin PBXSourcesBuildPhase section */
		248DDA5623EA770E000F60ED /* Sources */ = {
			isa = PBXSourcesBuildPhase;
			buildActionMask = 2147483647;
			files = (
				24A4FBAE23F94BF70058A3B9 /* RegistrationVC.swift in Sources */,
				24A4FB9B23F6D3A70058A3B9 /* UITextField+Extention.swift in Sources */,
				248DDA5E23EA770E000F60ED /* AppDelegate.swift in Sources */,
				240B42C324031EAD00485EE7 /* CompanyCell.swift in Sources */,
				24A4FBB423FA80410058A3B9 /* AuthController.swift in Sources */,
				24A4FBB823FA82240058A3B9 /* Constants.swift in Sources */,
				2464BF8D23F6914B007749F5 /* OTPVC.swift in Sources */,
				24A4FB9823F6CE380058A3B9 /* ReusedTextFeild.swift in Sources */,
				248545BA23F169EC00014B34 /* UIView+Extention.swift in Sources */,
				240B42CD2404117C00485EE7 /* HomeVC.swift in Sources */,
				248DDA8423F14BA6000F60ED /* LoginVC.swift in Sources */,
				248545F523F5A0E500014B34 /* PhoneNumberVC.swift in Sources */,
				24A4FBB623FA80A80058A3B9 /* UserDefualts+Extention.swift in Sources */,
				24A6B5E323FF2C5400005ED3 /* DataCenter.swift in Sources */,
				248545F723F5B6FA00014B34 /* String+Extention.swift in Sources */,
				248DDA6023EA770E000F60ED /* SceneDelegate.swift in Sources */,
			);
			runOnlyForDeploymentPostprocessing = 0;
		};
/* End PBXSourcesBuildPhase section */

/* Begin PBXVariantGroup section */
		248545E923F5627800014B34 /* LoginVC.storyboard */ = {
			isa = PBXVariantGroup;
			children = (
				248545EA23F562A300014B34 /* Base */,
				248545EC23F562E300014B34 /* ar */,
			);
			name = LoginVC.storyboard;
			sourceTree = "<group>";
		};
		248DDA6823EA770E000F60ED /* LaunchScreen.storyboard */ = {
			isa = PBXVariantGroup;
			children = (
				248DDA6923EA770E000F60ED /* Base */,
				248545E623F5626000014B34 /* ar */,
			);
			name = LaunchScreen.storyboard;
			sourceTree = "<group>";
		};
/* End PBXVariantGroup section */

/* Begin XCBuildConfiguration section */
		248DDA6C23EA770E000F60ED /* Debug */ = {
			isa = XCBuildConfiguration;
			buildSettings = {
				ALWAYS_SEARCH_USER_PATHS = NO;
				CLANG_ANALYZER_LOCALIZABILITY_NONLOCALIZED = YES;
				CLANG_ANALYZER_NONNULL = YES;
				CLANG_ANALYZER_NUMBER_OBJECT_CONVERSION = YES_AGGRESSIVE;
				CLANG_CXX_LANGUAGE_STANDARD = "gnu++14";
				CLANG_CXX_LIBRARY = "libc++";
				CLANG_ENABLE_MODULES = YES;
				CLANG_ENABLE_OBJC_ARC = YES;
				CLANG_ENABLE_OBJC_WEAK = YES;
				CLANG_WARN_BLOCK_CAPTURE_AUTORELEASING = YES;
				CLANG_WARN_BOOL_CONVERSION = YES;
				CLANG_WARN_COMMA = YES;
				CLANG_WARN_CONSTANT_CONVERSION = YES;
				CLANG_WARN_DEPRECATED_OBJC_IMPLEMENTATIONS = YES;
				CLANG_WARN_DIRECT_OBJC_ISA_USAGE = YES_ERROR;
				CLANG_WARN_DOCUMENTATION_COMMENTS = YES;
				CLANG_WARN_EMPTY_BODY = YES;
				CLANG_WARN_ENUM_CONVERSION = YES;
				CLANG_WARN_INFINITE_RECURSION = YES;
				CLANG_WARN_INT_CONVERSION = YES;
				CLANG_WARN_NON_LITERAL_NULL_CONVERSION = YES;
				CLANG_WARN_OBJC_IMPLICIT_RETAIN_SELF = YES;
				CLANG_WARN_OBJC_LITERAL_CONVERSION = YES;
				CLANG_WARN_OBJC_ROOT_CLASS = YES_ERROR;
				CLANG_WARN_RANGE_LOOP_ANALYSIS = YES;
				CLANG_WARN_STRICT_PROTOTYPES = YES;
				CLANG_WARN_SUSPICIOUS_MOVE = YES;
				CLANG_WARN_UNGUARDED_AVAILABILITY = YES_AGGRESSIVE;
				CLANG_WARN_UNREACHABLE_CODE = YES;
				CLANG_WARN__DUPLICATE_METHOD_MATCH = YES;
				COPY_PHASE_STRIP = NO;
				DEBUG_INFORMATION_FORMAT = dwarf;
				ENABLE_STRICT_OBJC_MSGSEND = YES;
				ENABLE_TESTABILITY = YES;
				GCC_C_LANGUAGE_STANDARD = gnu11;
				GCC_DYNAMIC_NO_PIC = NO;
				GCC_NO_COMMON_BLOCKS = YES;
				GCC_OPTIMIZATION_LEVEL = 0;
				GCC_PREPROCESSOR_DEFINITIONS = (
					"DEBUG=1",
					"$(inherited)",
				);
				GCC_WARN_64_TO_32_BIT_CONVERSION = YES;
				GCC_WARN_ABOUT_RETURN_TYPE = YES_ERROR;
				GCC_WARN_UNDECLARED_SELECTOR = YES;
				GCC_WARN_UNINITIALIZED_AUTOS = YES_AGGRESSIVE;
				GCC_WARN_UNUSED_FUNCTION = YES;
				GCC_WARN_UNUSED_VARIABLE = YES;
				IPHONEOS_DEPLOYMENT_TARGET = 13.2;
				MTL_ENABLE_DEBUG_INFO = INCLUDE_SOURCE;
				MTL_FAST_MATH = YES;
				ONLY_ACTIVE_ARCH = YES;
				SDKROOT = iphoneos;
				SWIFT_ACTIVE_COMPILATION_CONDITIONS = DEBUG;
				SWIFT_OPTIMIZATION_LEVEL = "-Onone";
			};
			name = Debug;
		};
		248DDA6D23EA770E000F60ED /* Release */ = {
			isa = XCBuildConfiguration;
			buildSettings = {
				ALWAYS_SEARCH_USER_PATHS = NO;
				CLANG_ANALYZER_LOCALIZABILITY_NONLOCALIZED = YES;
				CLANG_ANALYZER_NONNULL = YES;
				CLANG_ANALYZER_NUMBER_OBJECT_CONVERSION = YES_AGGRESSIVE;
				CLANG_CXX_LANGUAGE_STANDARD = "gnu++14";
				CLANG_CXX_LIBRARY = "libc++";
				CLANG_ENABLE_MODULES = YES;
				CLANG_ENABLE_OBJC_ARC = YES;
				CLANG_ENABLE_OBJC_WEAK = YES;
				CLANG_WARN_BLOCK_CAPTURE_AUTORELEASING = YES;
				CLANG_WARN_BOOL_CONVERSION = YES;
				CLANG_WARN_COMMA = YES;
				CLANG_WARN_CONSTANT_CONVERSION = YES;
				CLANG_WARN_DEPRECATED_OBJC_IMPLEMENTATIONS = YES;
				CLANG_WARN_DIRECT_OBJC_ISA_USAGE = YES_ERROR;
				CLANG_WARN_DOCUMENTATION_COMMENTS = YES;
				CLANG_WARN_EMPTY_BODY = YES;
				CLANG_WARN_ENUM_CONVERSION = YES;
				CLANG_WARN_INFINITE_RECURSION = YES;
				CLANG_WARN_INT_CONVERSION = YES;
				CLANG_WARN_NON_LITERAL_NULL_CONVERSION = YES;
				CLANG_WARN_OBJC_IMPLICIT_RETAIN_SELF = YES;
				CLANG_WARN_OBJC_LITERAL_CONVERSION = YES;
				CLANG_WARN_OBJC_ROOT_CLASS = YES_ERROR;
				CLANG_WARN_RANGE_LOOP_ANALYSIS = YES;
				CLANG_WARN_STRICT_PROTOTYPES = YES;
				CLANG_WARN_SUSPICIOUS_MOVE = YES;
				CLANG_WARN_UNGUARDED_AVAILABILITY = YES_AGGRESSIVE;
				CLANG_WARN_UNREACHABLE_CODE = YES;
				CLANG_WARN__DUPLICATE_METHOD_MATCH = YES;
				COPY_PHASE_STRIP = NO;
				DEBUG_INFORMATION_FORMAT = "dwarf-with-dsym";
				ENABLE_NS_ASSERTIONS = NO;
				ENABLE_STRICT_OBJC_MSGSEND = YES;
				GCC_C_LANGUAGE_STANDARD = gnu11;
				GCC_NO_COMMON_BLOCKS = YES;
				GCC_WARN_64_TO_32_BIT_CONVERSION = YES;
				GCC_WARN_ABOUT_RETURN_TYPE = YES_ERROR;
				GCC_WARN_UNDECLARED_SELECTOR = YES;
				GCC_WARN_UNINITIALIZED_AUTOS = YES_AGGRESSIVE;
				GCC_WARN_UNUSED_FUNCTION = YES;
				GCC_WARN_UNUSED_VARIABLE = YES;
				IPHONEOS_DEPLOYMENT_TARGET = 13.2;
				MTL_ENABLE_DEBUG_INFO = NO;
				MTL_FAST_MATH = YES;
				SDKROOT = iphoneos;
				SWIFT_COMPILATION_MODE = wholemodule;
				SWIFT_OPTIMIZATION_LEVEL = "-O";
				VALIDATE_PRODUCT = YES;
			};
			name = Release;
		};
		248DDA6F23EA770E000F60ED /* Debug */ = {
			isa = XCBuildConfiguration;
			buildSettings = {
				ASSETCATALOG_COMPILER_APPICON_NAME = AppIcon;
				CODE_SIGN_STYLE = Automatic;
				DEVELOPMENT_TEAM = GZDD8NBYW6;
				INFOPLIST_FILE = marktApp/Info.plist;
				LD_RUNPATH_SEARCH_PATHS = (
					"$(inherited)",
					"@executable_path/Frameworks",
				);
				PRODUCT_BUNDLE_IDENTIFIER = com.myproject.marktApp;
				PRODUCT_NAME = "$(TARGET_NAME)";
				SWIFT_VERSION = 5.0;
				TARGETED_DEVICE_FAMILY = 1;
			};
			name = Debug;
		};
		248DDA7023EA770E000F60ED /* Release */ = {
			isa = XCBuildConfiguration;
			buildSettings = {
				ASSETCATALOG_COMPILER_APPICON_NAME = AppIcon;
				CODE_SIGN_STYLE = Automatic;
				DEVELOPMENT_TEAM = GZDD8NBYW6;
				INFOPLIST_FILE = marktApp/Info.plist;
				LD_RUNPATH_SEARCH_PATHS = (
					"$(inherited)",
					"@executable_path/Frameworks",
				);
				PRODUCT_BUNDLE_IDENTIFIER = com.myproject.marktApp;
				PRODUCT_NAME = "$(TARGET_NAME)";
				SWIFT_VERSION = 5.0;
				TARGETED_DEVICE_FAMILY = 1;
			};
			name = Release;
		};
/* End XCBuildConfiguration section */

/* Begin XCConfigurationList section */
		248DDA5523EA770E000F60ED /* Build configuration list for PBXProject "marktApp" */ = {
			isa = XCConfigurationList;
			buildConfigurations = (
				248DDA6C23EA770E000F60ED /* Debug */,
				248DDA6D23EA770E000F60ED /* Release */,
			);
			defaultConfigurationIsVisible = 0;
			defaultConfigurationName = Release;
		};
		248DDA6E23EA770E000F60ED /* Build configuration list for PBXNativeTarget "marktApp" */ = {
			isa = XCConfigurationList;
			buildConfigurations = (
				248DDA6F23EA770E000F60ED /* Debug */,
				248DDA7023EA770E000F60ED /* Release */,
			);
			defaultConfigurationIsVisible = 0;
			defaultConfigurationName = Release;
		};
/* End XCConfigurationList section */
	};
	rootObject = 248DDA5223EA770E000F60ED /* Project object */;
}
